
Microsoft Visual Studio Solution File, Format Version 11.00
# Visual Studio 2010
Project("{FAE04EC0-301F-11D3-BF4B-00C04F79EFBC}") = "Webcam", "Webcam\Webcam.csproj", "{BAE433D5-1AAB-4EAF-ACAA-B5A2EB6E3D67}"
EndProject
Global
	GlobalSection(SolutionConfigurationPlatforms) = preSolution
		Debug|x86 = Debug|x86
		Release|x86 = Release|x86
	EndGlobalSection
	GlobalSection(ProjectConfigurationPlatforms) = postSolution
		{BAE433D5-1AAB-4EAF-ACAA-B5A2EB6E3D67}.Debug|x86.ActiveCfg = Debug|x86
		{BAE433D5-1AAB-4EAF-ACAA-B5A2EB6E3D67}.Debug|x86.Build.0 = Debug|x86
		{BAE433D5-1AAB-4EAF-ACAA-B5A2EB6E3D67}.Release|x86.ActiveCfg = Release|x86
		{BAE433D5-1AAB-4EAF-ACAA-B5A2EB6E3D67}.Release|x86.Build.0 = Release|x86
	EndGlobalSection
	GlobalSection(SolutionProperties) = preSolution
		HideSolutionNode = FALSE
	EndGlobalSection
EndGlobal
